<?xml version="1.0" encoding="utf-8"?>
<Project ToolsVersion="4.0" xmlns="http://schemas.microsoft.com/developer/msbuild/2003">
  <ItemGroup>
    <Filter Include="Source Files">
      <UniqueIdentifier>{4FC737F1-C7A5-4376-A066-2A32D752A2FF}</UniqueIdentifier>
      <Extensions>cpp;c;cc;cxx;def;odl;idl;hpj;bat;asm;asmx</Extensions>
    </Filter>
    <Filter Include="Header Files">
      <UniqueIdentifier>{93995380-89BD-4b04-88EB-625FBE52EBFB}</UniqueIdentifier>
      <Extensions>h;hpp;hxx;hm;inl;inc;xsd</Extensions>
    </Filter>
    <Filter Include="Resource Files">
      <UniqueIdentifier>{67DA6AB6-F800-4c08-8B7A-83BB121AAD01}</UniqueIdentifier>
      <Extensions>rc;ico;cur;bmp;dlg;rc2;rct;bin;rgs;gif;jpg;jpeg;jpe;resx;tiff;tif;png;wav;mfcribbon-ms</Extensions>
    </Filter>
    <Filter Include="Source Files\Server">
      <UniqueIdentifier>{add297e8-24cf-4dd9-b4dd-a9efb3108f3c}</UniqueIdentifier>
    </Filter>
    <Filter Include="Source Files\Session Mgr">
      <UniqueIdentifier>{f3605819-64c6-468e-b6c8-f7b7248381b8}</UniqueIdentifier>
    </Filter>
    <Filter Include="Header Files\Server">
      <UniqueIdentifier>{fbc86a7c-e6b6-43d9-9057-c1cb854c1d8e}</UniqueIdentifier>
    </Filter>
    <Filter Include="Header Files\Session Mgr">
      <UniqueIdentifier>{c6e8c6d5-fff5-4e91-88d6-9b2cb06f5f05}</UniqueIdentifier>
    </Filter>
  </ItemGroup>
  <ItemGroup>
    <ClCompile Include="..\..\src\wimserver\main.cpp">
      <Filter>Source Files</Filter>
    </ClCompile>
    <ClCompile Include="..\..\src\wimserver\sessionmgr\sessionMgr.cpp">
      <Filter>Source Files\Session Mgr</Filter>
    </ClCompile>
    <ClCompile Include="..\..\src\wimserver\sessionmgr\userSession.cpp">
      <Filter>Source Files\Session Mgr</Filter>
    </ClCompile>
    <ClCompile Include="..\..\src\wimserver\server\tcpServer.cpp">
      <Filter>Source Files\Server</Filter>
    </ClCompile>
  </ItemGroup>
  <ItemGroup>
    <ClInclude Include="..\..\src\wimserver\defines.h">
      <Filter>Header Files</Filter>
    </ClInclude>
    <ClInclude Include="..\..\src\wimserver\server\tcpServer.h">
      <Filter>Header Files\Server</Filter>
    </ClInclude>
    <ClInclude Include="..\..\src\wimserver\sessionmgr\sessionMgr.h">
      <Filter>Header Files\Session Mgr</Filter>
    </ClInclude>
    <ClInclude Include="..\..\src\wimserver\sessionmgr\userSession.h">
      <Filter>Header Files\Session Mgr</Filter>
    </ClInclude>
  </ItemGroup>
</Project>